
Microsoft Visual Studio Solution File, Format Version 12.00
# Visual Studio Version 17
VisualStudioVersion = 17.7.34202.233
MinimumVisualStudioVersion = 10.0.40219.1
Project("{FAE04EC0-301F-11D3-BF4B-00C04F79EFBC}") = "Ex 3.4 Foreach", "Ex 3.4 Foreach.csproj", "{972F72EE-8107-4768-93F0-A5C0EC0AE724}"
EndProject
Global
	GlobalSection(SolutionConfigurationPlatforms) = preSolution
		Debug|Any CPU = Debug|Any CPU
		Release|Any CPU = Release|Any CPU
	EndGlobalSection
	GlobalSection(ProjectConfigurationPlatforms) = postSolution
		{972F72EE-8107-4768-93F0-A5C0EC0AE724}.Debug|Any CPU.ActiveCfg = Debug|Any CPU
		{972F72EE-8107-4768-93F0-A5C0EC0AE724}.Debug|Any CPU.Build.0 = Debug|Any CPU
		{972F72EE-8107-4768-93F0-A5C0EC0AE724}.Release|Any CPU.ActiveCfg = Release|Any CPU
		{972F72EE-8107-4768-93F0-A5C0EC0AE724}.Release|Any CPU.Build.0 = Release|Any CPU
	EndGlobalSection
	GlobalSection(SolutionProperties) = preSolution
		HideSolutionNode = FALSE
	EndGlobalSection
	GlobalSection(ExtensibilityGlobals) = postSolution
		SolutionGuid = {6B29C2E2-F56A-45DB-ACBF-8D8C287E74C0}
	EndGlobalSection
EndGlobal
